// !$*UTF8*$!
{
	archiveVersion = 1;
	classes = {
	};
	objectVersion = 48;
	objects = {

/* Begin PBXBuildFile section */
		4E0D48F620870ECA005BCAB4 /* AppDelegate.swift in Sources */ = {isa = PBXBuildFile; fileRef = 4E0D48F520870ECA005BCAB4 /* AppDelegate.swift */; };
		4E0D48F820870ECA005BCAB4 /* ViewController.swift in Sources */ = {isa = PBXBuildFile; fileRef = 4E0D48F720870ECA005BCAB4 /* ViewController.swift */; };
		4E0D48FB20870ECA005BCAB4 /* Main.storyboard in Resources */ = {isa = PBXBuildFile; fileRef = 4E0D48F920870ECA005BCAB4 /* Main.storyboard */; };
		4E0D48FE20870ECA005BCAB4 /* Datapicker.xcdatamodeld in Sources */ = {isa = PBXBuildFile; fileRef = 4E0D48FC20870ECA005BCAB4 /* Datapicker.xcdatamodeld */; };
		4E0D490020870ECA005BCAB4 /* Assets.xcassets in Resources */ = {isa = PBXBuildFile; fileRef = 4E0D48FF20870ECA005BCAB4 /* Assets.xcassets */; };
		4E0D490320870ECA005BCAB4 /* LaunchScreen.storyboard in Resources */ = {isa = PBXBuildFile; fileRef = 4E0D490120870ECA005BCAB4 /* LaunchScreen.storyboard */; };
		4E0D490E20870ECB005BCAB4 /* DatapickerTests.swift in Sources */ = {isa = PBXBuildFile; fileRef = 4E0D490D20870ECB005BCAB4 /* DatapickerTests.swift */; };
		4E0D491920870ECB005BCAB4 /* DatapickerUITests.swift in Sources */ = {isa = PBXBuildFile; fileRef = 4E0D491820870ECB005BCAB4 /* DatapickerUITests.swift */; };
/* End PBXBuildFile section */

/* Begin PBXContainerItemProxy section */
		4E0D490A20870ECA005BCAB4 /* PBXContainerItemProxy */ = {
			isa = PBXContainerItemProxy;
			containerPortal = 4E0D48EA20870ECA005BCAB4 /* Project object */;
			proxyType = 1;
			remoteGlobalIDString = 4E0D48F120870ECA005BCAB4;
			remoteInfo = Datapicker;
		};
		4E0D491520870ECB005BCAB4 /* PBXContainerItemProxy */ = {
			isa = PBXContainerItemProxy;
			containerPortal = 4E0D48EA20870ECA005BCAB4 /* Project object */;
			proxyType = 1;
			remoteGlobalIDString = 4E0D48F120870ECA005BCAB4;
			remoteInfo = Datapicker;
		};
/* End PBXContainerItemProxy section */

/* Begin PBXFileReference section */
		4E0D48F220870ECA005BCAB4 /* Datapicker.app */ = {isa = PBXFileReference; explicitFileType = wrapper.application; includeInIndex = 0; path = Datapicker.app; sourceTree = BUILT_PRODUCTS_DIR; };
		4E0D48F520870ECA005BCAB4 /* AppDelegate.swift */ = {isa = PBXFileReference; lastKnownFileType = sourcecode.swift; path = AppDelegate.swift; sourceTree = "<group>"; };
		4E0D48F720870ECA005BCAB4 /* ViewController.swift */ = {isa = PBXFileReference; lastKnownFileType = sourcecode.swift; path = ViewController.swift; sourceTree = "<group>"; };
		4E0D48FA20870ECA005BCAB4 /* Base */ = {isa = PBXFileReference; lastKnownFileType = file.storyboard; name = Base; path = Base.lproj/Main.storyboard; sourceTree = "<group>"; };
		4E0D48FD20870ECA005BCAB4 /* Datapicker.xcdatamodel */ = {isa = PBXFileReference; lastKnownFileType = wrapper.xcdatamodel; path = Datapicker.xcdatamodel; sourceTree = "<group>"; };
		4E0D48FF20870ECA005BCAB4 /* Assets.xcassets */ = {isa = PBXFileReference; lastKnownFileType = folder.assetcatalog; path = Assets.xcassets; sourceTree = "<group>"; };
		4E0D490220870ECA005BCAB4 /* Base */ = {isa = PBXFileReference; lastKnownFileType = file.storyboard; name = Base; path = Base.lproj/LaunchScreen.storyboard; sourceTree = "<group>"; };
		4E0D490420870ECA005BCAB4 /* Info.plist */ = {isa = PBXFileReference; lastKnownFileType = text.plist.xml; path = Info.plist; sourceTree = "<group>"; };
		4E0D490920870ECA005BCAB4 /* DatapickerTests.xctest */ = {isa = PBXFileReference; explicitFileType = wrapper.cfbundle; includeInIndex = 0; path = DatapickerTests.xctest; sourceTree = BUILT_PRODUCTS_DIR; };
		4E0D490D20870ECB005BCAB4 /* DatapickerTests.swift */ = {isa = PBXFileReference; lastKnownFileType = sourcecode.swift; path = DatapickerTests.swift; sourceTree = "<group>"; };
		4E0D490F20870ECB005BCAB4 /* Info.plist */ = {isa = PBXFileReference; lastKnownFileType = text.plist.xml; path = Info.plist; sourceTree = "<group>"; };
		4E0D491420870ECB005BCAB4 /* DatapickerUITests.xctest */ = {isa = PBXFileReference; explicitFileType = wrapper.cfbundle; includeInIndex = 0; path = DatapickerUITests.xctest; sourceTree = BUILT_PRODUCTS_DIR; };
		4E0D491820870ECB005BCAB4 /* DatapickerUITests.swift */ = {isa = PBXFileReference; lastKnownFileType = sourcecode.swift; path = DatapickerUITests.swift; sourceTree = "<group>"; };
		4E0D491A20870ECB005BCAB4 /* Info.plist */ = {isa = PBXFileReference; lastKnownFileType = text.plist.xml; path = Info.plist; sourceTree = "<group>"; };
/* End PBXFileReference section */

/* Begin PBXFrameworksBuildPhase section */
		4E0D48EF20870ECA005BCAB4 /* Frameworks */ = {
			isa = PBXFrameworksBuildPhase;
			buildActionMask = 2147483647;
			files = (
			);
			runOnlyForDeploymentPostprocessing = 0;
		};
		4E0D490620870ECA005BCAB4 /* Frameworks */ = {
			isa = PBXFrameworksBuildPhase;
			buildActionMask = 2147483647;
			files = (
			);
			runOnlyForDeploymentPostprocessing = 0;
		};
		4E0D491120870ECB005BCAB4 /* Frameworks */ = {
			isa = PBXFrameworksBuildPhase;
			buildActionMask = 2147483647;
			files = (
			);
			runOnlyForDeploymentPostprocessing = 0;
		};
/* End PBXFrameworksBuildPhase section */

/* Begin PBXGroup section */
		4E0D48E920870ECA005BCAB4 = {
			isa = PBXGroup;
			children = (
				4E0D48F420870ECA005BCAB4 /* Datapicker */,
				4E0D490C20870ECB005BCAB4 /* DatapickerTests */,
				4E0D491720870ECB005BCAB4 /* DatapickerUITests */,
				4E0D48F320870ECA005BCAB4 /* Products */,
			);
			sourceTree = "<group>";
		};
		4E0D48F320870ECA005BCAB4 /* Products */ = {
			isa = PBXGroup;
			children = (
				4E0D48F220870ECA005BCAB4 /* Datapicker.app */,
				4E0D490920870ECA005BCAB4 /* DatapickerTests.xctest */,
				4E0D491420870ECB005BCAB4 /* DatapickerUITests.xctest */,
			);
			name = Products;
			sourceTree = "<group>";
		};
		4E0D48F420870ECA005BCAB4 /* Datapicker */ = {
			isa = PBXGroup;
			children = (
				4E0D48F520870ECA005BCAB4 /* AppDelegate.swift */,
				4E0D48F720870ECA005BCAB4 /* ViewController.swift */,
				4E0D48F920870ECA005BCAB4 /* Main.storyboard */,
				4E0D48FF20870ECA005BCAB4 /* Assets.xcassets */,
				4E0D490120870ECA005BCAB4 /* LaunchScreen.storyboard */,
				4E0D490420870ECA005BCAB4 /* Info.plist */,
				4E0D48FC20870ECA005BCAB4 /* Datapicker.xcdatamodeld */,
			);
			path = Datapicker;
			sourceTree = "<group>";
		};
		4E0D490C20870ECB005BCAB4 /* DatapickerTests */ = {
			isa = PBXGroup;
			children = (
				4E0D490D20870ECB005BCAB4 /* DatapickerTests.swift */,
				4E0D490F20870ECB005BCAB4 /* Info.plist */,
			);
			path = DatapickerTests;
			sourceTree = "<group>";
		};
		4E0D491720870ECB005BCAB4 /* DatapickerUITests */ = {
			isa = PBXGroup;
			children = (
				4E0D491820870ECB005BCAB4 /* DatapickerUITests.swift */,
				4E0D491A20870ECB005BCAB4 /* Info.plist */,
			);
			path = DatapickerUITests;
			sourceTree = "<group>";
		};
/* End PBXGroup section */

/* Begin PBXNativeTarget section */
		4E0D48F120870ECA005BCAB4 /* Datapicker */ = {
			isa = PBXNativeTarget;
			buildConfigurationList = 4E0D491D20870ECB005BCAB4 /* Build configuration list for PBXNativeTarget "Datapicker" */;
			buildPhases = (
				4E0D48EE20870ECA005BCAB4 /* Sources */,
				4E0D48EF20870ECA005BCAB4 /* Frameworks */,
				4E0D48F020870ECA005BCAB4 /* Resources */,
			);
			buildRules = (
			);
			dependencies = (
			);
			name = Datapicker;
			productName = Datapicker;
			productReference = 4E0D48F220870ECA005BCAB4 /* Datapicker.app */;
			productType = "com.apple.product-type.application";
		};
		4E0D490820870ECA005BCAB4 /* DatapickerTests */ = {
			isa = PBXNativeTarget;
			buildConfigurationList = 4E0D492020870ECB005BCAB4 /* Build configuration list for PBXNativeTarget "DatapickerTests" */;
			buildPhases = (
				4E0D490520870ECA005BCAB4 /* Sources */,
				4E0D490620870ECA005BCAB4 /* Frameworks */,
				4E0D490720870ECA005BCAB4 /* Resources */,
			);
			buildRules = (
			);
			dependencies = (
				4E0D490B20870ECA005BCAB4 /* PBXTargetDependency */,
			);
			name = DatapickerTests;
			productName = DatapickerTests;
			productReference = 4E0D490920870ECA005BCAB4 /* DatapickerTests.xctest */;
			productType = "com.apple.product-type.bundle.unit-test";
		};
		4E0D491320870ECB005BCAB4 /* DatapickerUITests */ = {
			isa = PBXNativeTarget;
			buildConfigurationList = 4E0D492320870ECB005BCAB4 /* Build configuration list for PBXNativeTarget "DatapickerUITests" */;
			buildPhases = (
				4E0D491020870ECB005BCAB4 /* Sources */,
				4E0D491120870ECB005BCAB4 /* Frameworks */,
				4E0D491220870ECB005BCAB4 /* Resources */,
			);
			buildRules = (
			);
			dependencies = (
				4E0D491620870ECB005BCAB4 /* PBXTargetDependency */,
			);
			name = DatapickerUITests;
			productName = DatapickerUITests;
			productReference = 4E0D491420870ECB005BCAB4 /* DatapickerUITests.xctest */;
			productType = "com.apple.product-type.bundle.ui-testing";
		};
/* End PBXNativeTarget section */

/* Begin PBXProject section */
		4E0D48EA20870ECA005BCAB4 /* Project object */ = {
			isa = PBXProject;
			attributes = {
				LastSwiftUpdateCheck = 0920;
				LastUpgradeCheck = 0920;
				ORGANIZATIONNAME = dit2;
				TargetAttributes = {
					4E0D48F120870ECA005BCAB4 = {
						CreatedOnToolsVersion = 9.2;
						ProvisioningStyle = Automatic;
					};
					4E0D490820870ECA005BCAB4 = {
						CreatedOnToolsVersion = 9.2;
						ProvisioningStyle = Automatic;
						TestTargetID = 4E0D48F120870ECA005BCAB4;
					};
					4E0D491320870ECB005BCAB4 = {
						CreatedOnToolsVersion = 9.2;
						ProvisioningStyle = Automatic;
						TestTargetID = 4E0D48F120870ECA005BCAB4;
					};
				};
			};
			buildConfigurationList = 4E0D48ED20870ECA005BCAB4 /* Build configuration list for PBXProject "Datapicker" */;
			compatibilityVersion = "Xcode 8.0";
			developmentRegion = en;
			hasScannedForEncodings = 0;
			knownRegions = (
				en,
				Base,
			);
			mainGroup = 4E0D48E920870ECA005BCAB4;
			productRefGroup = 4E0D48F320870ECA005BCAB4 /* Products */;
			projectDirPath = "";
			projectRoot = "";
			targets = (
				4E0D48F120870ECA005BCAB4 /* Datapicker */,
				4E0D490820870ECA005BCAB4 /* DatapickerTests */,
				4E0D491320870ECB005BCAB4 /* DatapickerUITests */,
			);
		};
/* End PBXProject section */

/* Begin PBXResourcesBuildPhase section */
		4E0D48F020870ECA005BCAB4 /* Resources */ = {
			isa = PBXResourcesBuildPhase;
			buildActionMask = 2147483647;
			files = (
				4E0D490320870ECA005BCAB4 /* LaunchScreen.storyboard in Resources */,
				4E0D490020870ECA005BCAB4 /* Assets.xcassets in Resources */,
				4E0D48FB20870ECA005BCAB4 /* Main.storyboard in Resources */,
			);
			runOnlyForDeploymentPostprocessing = 0;
		};
		4E0D490720870ECA005BCAB4 /* Resources */ = {
			isa = PBXResourcesBuildPhase;
			buildActionMask = 2147483647;
			files = (
			);
			runOnlyForDeploymentPostprocessing = 0;
		};
		4E0D491220870ECB005BCAB4 /* Resources */ = {
			isa = PBXResourcesBuildPhase;
			buildActionMask = 2147483647;
			files = (
			);
			runOnlyForDeploymentPostprocessing = 0;
		};
/* End PBXResourcesBuildPhase section */

/* Begin PBXSourcesBuildPhase section */
		4E0D48EE20870ECA005BCAB4 /* Sources */ = {
			isa = PBXSourcesBuildPhase;
			buildActionMask = 2147483647;
			files = (
				4E0D48F820870ECA005BCAB4 /* ViewController.swift in Sources */,
				4E0D48F620870ECA005BCAB4 /* AppDelegate.swift in Sources */,
				4E0D48FE20870ECA005BCAB4 /* Datapicker.xcdatamodeld in Sources */,
			);
			runOnlyForDeploymentPostprocessing = 0;
		};
		4E0D490520870ECA005BCAB4 /* Sources */ = {
			isa = PBXSourcesBuildPhase;
			buildActionMask = 2147483647;
			files = (
				4E0D490E20870ECB005BCAB4 /* DatapickerTests.swift in Sources */,
			);
			runOnlyForDeploymentPostprocessing = 0;
		};
		4E0D491020870ECB005BCAB4 /* Sources */ = {
			isa = PBXSourcesBuildPhase;
			buildActionMask = 2147483647;
			files = (
				4E0D491920870ECB005BCAB4 /* DatapickerUITests.swift in Sources */,
			);
			runOnlyForDeploymentPostprocessing = 0;
		};
/* End PBXSourcesBuildPhase section */

/* Begin PBXTargetDependency section */
		4E0D490B20870ECA005BCAB4 /* PBXTargetDependency */ = {
			isa = PBXTargetDependency;
			target = 4E0D48F120870ECA005BCAB4 /* Datapicker */;
			targetProxy = 4E0D490A20870ECA005BCAB4 /* PBXContainerItemProxy */;
		};
		4E0D491620870ECB005BCAB4 /* PBXTargetDependency */ = {
			isa = PBXTargetDependency;
			target = 4E0D48F120870ECA005BCAB4 /* Datapicker */;
			targetProxy = 4E0D491520870ECB005BCAB4 /* PBXContainerItemProxy */;
		};
/* End PBXTargetDependency section */

/* Begin PBXVariantGroup section */
		4E0D48F920870ECA005BCAB4 /* Main.storyboard */ = {
			isa = PBXVariantGroup;
			children = (
				4E0D48FA20870ECA005BCAB4 /* Base */,
			);
			name = Main.storyboard;
			sourceTree = "<group>";
		};
		4E0D490120870ECA005BCAB4 /* LaunchScreen.storyboard */ = {
			isa = PBXVariantGroup;
			children = (
				4E0D490220870ECA005BCAB4 /* Base */,
			);
			name = LaunchScreen.storyboard;
			sourceTree = "<group>";
		};
/* End PBXVariantGroup section */

/* Begin XCBuildConfiguration section */
		4E0D491B20870ECB005BCAB4 /* Debug */ = {
			isa = XCBuildConfiguration;
			buildSettings = {
				ALWAYS_SEARCH_USER_PATHS = NO;
				CLANG_ANALYZER_NONNULL = YES;
				CLANG_ANALYZER_NUMBER_OBJECT_CONVERSION = YES_AGGRESSIVE;
				CLANG_CXX_LANGUAGE_STANDARD = "gnu++14";
				CLANG_CXX_LIBRARY = "libc++";
				CLANG_ENABLE_MODULES = YES;
				CLANG_ENABLE_OBJC_ARC = YES;
				CLANG_WARN_BLOCK_CAPTURE_AUTORELEASING = YES;
				CLANG_WARN_BOOL_CONVERSION = YES;
				CLANG_WARN_COMMA = YES;
				CLANG_WARN_CONSTANT_CONVERSION = YES;
				CLANG_WARN_DIRECT_OBJC_ISA_USAGE = YES_ERROR;
				CLANG_WARN_DOCUMENTATION_COMMENTS = YES;
				CLANG_WARN_EMPTY_BODY = YES;
				CLANG_WARN_ENUM_CONVERSION = YES;
				CLANG_WARN_INFINITE_RECURSION = YES;
				CLANG_WARN_INT_CONVERSION = YES;
				CLANG_WARN_NON_LITERAL_NULL_CONVERSION = YES;
				CLANG_WARN_OBJC_LITERAL_CONVERSION = YES;
				CLANG_WARN_OBJC_ROOT_CLASS = YES_ERROR;
				CLANG_WARN_RANGE_LOOP_ANALYSIS = YES;
				CLANG_WARN_STRICT_PROTOTYPES = YES;
				CLANG_WARN_SUSPICIOUS_MOVE = YES;
				CLANG_WARN_UNGUARDED_AVAILABILITY = YES_AGGRESSIVE;
				CLANG_WARN_UNREACHABLE_CODE = YES;
				CLANG_WARN__DUPLICATE_METHOD_MATCH = YES;
				CODE_SIGN_IDENTITY = "iPhone Developer";
				COPY_PHASE_STRIP = NO;
				DEBUG_INFORMATION_FORMAT = dwarf;
				ENABLE_STRICT_OBJC_MSGSEND = YES;
				ENABLE_TESTABILITY = YES;
				GCC_C_LANGUAGE_STANDARD = gnu11;
				GCC_DYNAMIC_NO_PIC = NO;
				GCC_NO_COMMON_BLOCKS = YES;
				GCC_OPTIMIZATION_LEVEL = 0;
				GCC_PREPROCESSOR_DEFINITIONS = (
					"DEBUG=1",
					"$(inherited)",
				);
				GCC_WARN_64_TO_32_BIT_CONVERSION = YES;
				GCC_WARN_ABOUT_RETURN_TYPE = YES_ERROR;
				GCC_WARN_UNDECLARED_SELECTOR = YES;
				GCC_WARN_UNINITIALIZED_AUTOS = YES_AGGRESSIVE;
				GCC_WARN_UNUSED_FUNCTION = YES;
				GCC_WARN_UNUSED_VARIABLE = YES;
				IPHONEOS_DEPLOYMENT_TARGET = 11.2;
				MTL_ENABLE_DEBUG_INFO = YES;
				ONLY_ACTIVE_ARCH = YES;
				SDKROOT = iphoneos;
				SWIFT_ACTIVE_COMPILATION_CONDITIONS = DEBUG;
				SWIFT_OPTIMIZATION_LEVEL = "-Onone";
			};
			name = Debug;
		};
		4E0D491C20870ECB005BCAB4 /* Release */ = {
			isa = XCBuildConfiguration;
			buildSettings = {
				ALWAYS_SEARCH_USER_PATHS = NO;
				CLANG_ANALYZER_NONNULL = YES;
				CLANG_ANALYZER_NUMBER_OBJECT_CONVERSION = YES_AGGRESSIVE;
				CLANG_CXX_LANGUAGE_STANDARD = "gnu++14";
				CLANG_CXX_LIBRARY = "libc++";
				CLANG_ENABLE_MODULES = YES;
				CLANG_ENABLE_OBJC_ARC = YES;
				CLANG_WARN_BLOCK_CAPTURE_AUTORELEASING = YES;
				CLANG_WARN_BOOL_CONVERSION = YES;
				CLANG_WARN_COMMA = YES;
				CLANG_WARN_CONSTANT_CONVERSION = YES;
				CLANG_WARN_DIRECT_OBJC_ISA_USAGE = YES_ERROR;
				CLANG_WARN_DOCUMENTATION_COMMENTS = YES;
				CLANG_WARN_EMPTY_BODY = YES;
				CLANG_WARN_ENUM_CONVERSION = YES;
				CLANG_WARN_INFINITE_RECURSION = YES;
				CLANG_WARN_INT_CONVERSION = YES;
				CLANG_WARN_NON_LITERAL_NULL_CONVERSION = YES;
				CLANG_WARN_OBJC_LITERAL_CONVERSION = YES;
				CLANG_WARN_OBJC_ROOT_CLASS = YES_ERROR;
				CLANG_WARN_RANGE_LOOP_ANALYSIS = YES;
				CLANG_WARN_STRICT_PROTOTYPES = YES;
				CLANG_WARN_SUSPICIOUS_MOVE = YES;
				CLANG_WARN_UNGUARDED_AVAILABILITY = YES_AGGRESSIVE;
				CLANG_WARN_UNREACHABLE_CODE = YES;
				CLANG_WARN__DUPLICATE_METHOD_MATCH = YES;
				CODE_SIGN_IDENTITY = "iPhone Developer";
				COPY_PHASE_STRIP = NO;
				DEBUG_INFORMATION_FORMAT = "dwarf-with-dsym";
				ENABLE_NS_ASSERTIONS = NO;
				ENABLE_STRICT_OBJC_MSGSEND = YES;
				GCC_C_LANGUAGE_STANDARD = gnu11;
				GCC_NO_COMMON_BLOCKS = YES;
				GCC_WARN_64_TO_32_BIT_CONVERSION = YES;
				GCC_WARN_ABOUT_RETURN_TYPE = YES_ERROR;
				GCC_WARN_UNDECLARED_SELECTOR = YES;
				GCC_WARN_UNINITIALIZED_AUTOS = YES_AGGRESSIVE;
				GCC_WARN_UNUSED_FUNCTION = YES;
				GCC_WARN_UNUSED_VARIABLE = YES;
				IPHONEOS_DEPLOYMENT_TARGET = 11.2;
				MTL_ENABLE_DEBUG_INFO = NO;
				SDKROOT = iphoneos;
				SWIFT_OPTIMIZATION_LEVEL = "-Owholemodule";
				VALIDATE_PRODUCT = YES;
			};
			name = Release;
		};
		4E0D491E20870ECB005BCAB4 /* Debug */ = {
			isa = XCBuildConfiguration;
			buildSettings = {
				ASSETCATALOG_COMPILER_APPICON_NAME = AppIcon;
				CODE_SIGN_STYLE = Automatic;
				INFOPLIST_FILE = Datapicker/Info.plist;
				LD_RUNPATH_SEARCH_PATHS = "$(inherited) @executable_path/Frameworks";
				PRODUCT_BUNDLE_IDENTIFIER = dit4.Datapicker;
				PRODUCT_NAME = "$(TARGET_NAME)";
				SWIFT_VERSION = 4.0;
				TARGETED_DEVICE_FAMILY = "1,2";
			};
			name = Debug;
		};
		4E0D491F20870ECB005BCAB4 /* Release */ = {
			isa = XCBuildConfiguration;
			buildSettings = {
				ASSETCATALOG_COMPILER_APPICON_NAME = AppIcon;
				CODE_SIGN_STYLE = Automatic;
				INFOPLIST_FILE = Datapicker/Info.plist;
				LD_RUNPATH_SEARCH_PATHS = "$(inherited) @executable_path/Frameworks";
				PRODUCT_BUNDLE_IDENTIFIER = dit4.Datapicker;
				PRODUCT_NAME = "$(TARGET_NAME)";
				SWIFT_VERSION = 4.0;
				TARGETED_DEVICE_FAMILY = "1,2";
			};
			name = Release;
		};
		4E0D492120870ECB005BCAB4 /* Debug */ = {
			isa = XCBuildConfiguration;
			buildSettings = {
				ALWAYS_EMBED_SWIFT_STANDARD_LIBRARIES = YES;
				BUNDLE_LOADER = "$(TEST_HOST)";
				CODE_SIGN_STYLE = Automatic;
				INFOPLIST_FILE = DatapickerTests/Info.plist;
				LD_RUNPATH_SEARCH_PATHS = "$(inherited) @executable_path/Frameworks @loader_path/Frameworks";
				PRODUCT_BUNDLE_IDENTIFIER = dit4.DatapickerTests;
				PRODUCT_NAME = "$(TARGET_NAME)";
				SWIFT_VERSION = 4.0;
				TARGETED_DEVICE_FAMILY = "1,2";
				TEST_HOST = "$(BUILT_PRODUCTS_DIR)/Datapicker.app/Datapicker";
			};
			name = Debug;
		};
		4E0D492220870ECB005BCAB4 /* Release */ = {
			isa = XCBuildConfiguration;
			buildSettings = {
				ALWAYS_EMBED_SWIFT_STANDARD_LIBRARIES = YES;
				BUNDLE_LOADER = "$(TEST_HOST)";
				CODE_SIGN_STYLE = Automatic;
				INFOPLIST_FILE = DatapickerTests/Info.plist;
				LD_RUNPATH_SEARCH_PATHS = "$(inherited) @executable_path/Frameworks @loader_path/Frameworks";
				PRODUCT_BUNDLE_IDENTIFIER = dit4.DatapickerTests;
				PRODUCT_NAME = "$(TARGET_NAME)";
				SWIFT_VERSION = 4.0;
				TARGETED_DEVICE_FAMILY = "1,2";
				TEST_HOST = "$(BUILT_PRODUCTS_DIR)/Datapicker.app/Datapicker";
			};
			name = Release;
		};
		4E0D492420870ECB005BCAB4 /* Debug */ = {
			isa = XCBuildConfiguration;
			buildSettings = {
				ALWAYS_EMBED_SWIFT_STANDARD_LIBRARIES = YES;
				CODE_SIGN_STYLE = Automatic;
				INFOPLIST_FILE = DatapickerUITests/Info.plist;
				LD_RUNPATH_SEARCH_PATHS = "$(inherited) @executable_path/Frameworks @loader_path/Frameworks";
				PRODUCT_BUNDLE_IDENTIFIER = dit4.DatapickerUITests;
				PRODUCT_NAME = "$(TARGET_NAME)";
				SWIFT_VERSION = 4.0;
				TARGETED_DEVICE_FAMILY = "1,2";
				TEST_TARGET_NAME = Datapicker;
			};
			name = Debug;
		};
		4E0D492520870ECB005BCAB4 /* Release */ = {
			isa = XCBuildConfiguration;
			buildSettings = {
				ALWAYS_EMBED_SWIFT_STANDARD_LIBRARIES = YES;
				CODE_SIGN_STYLE = Automatic;
				INFOPLIST_FILE = DatapickerUITests/Info.plist;
				LD_RUNPATH_SEARCH_PATHS = "$(inherited) @executable_path/Frameworks @loader_path/Frameworks";
				PRODUCT_BUNDLE_IDENTIFIER = dit4.DatapickerUITests;
				PRODUCT_NAME = "$(TARGET_NAME)";
				SWIFT_VERSION = 4.0;
				TARGETED_DEVICE_FAMILY = "1,2";
				TEST_TARGET_NAME = Datapicker;
			};
			name = Release;
		};
/* End XCBuildConfiguration section */

/* Begin XCConfigurationList section */
		4E0D48ED20870ECA005BCAB4 /* Build configuration list for PBXProject "Datapicker" */ = {
			isa = XCConfigurationList;
			buildConfigurations = (
				4E0D491B20870ECB005BCAB4 /* Debug */,
				4E0D491C20870ECB005BCAB4 /* Release */,
			);
			defaultConfigurationIsVisible = 0;
			defaultConfigurationName = Release;
		};
		4E0D491D20870ECB005BCAB4 /* Build configuration list for PBXNativeTarget "Datapicker" */ = {
			isa = XCConfigurationList;
			buildConfigurations = (
				4E0D491E20870ECB005BCAB4 /* Debug */,
				4E0D491F20870ECB005BCAB4 /* Release */,
			);
			defaultConfigurationIsVisible = 0;
			defaultConfigurationName = Release;
		};
		4E0D492020870ECB005BCAB4 /* Build configuration list for PBXNativeTarget "DatapickerTests" */ = {
			isa = XCConfigurationList;
			buildConfigurations = (
				4E0D492120870ECB005BCAB4 /* Debug */,
				4E0D492220870ECB005BCAB4 /* Release */,
			);
			defaultConfigurationIsVisible = 0;
			defaultConfigurationName = Release;
		};
		4E0D492320870ECB005BCAB4 /* Build configuration list for PBXNativeTarget "DatapickerUITests" */ = {
			isa = XCConfigurationList;
			buildConfigurations = (
				4E0D492420870ECB005BCAB4 /* Debug */,
				4E0D492520870ECB005BCAB4 /* Release */,
			);
			defaultConfigurationIsVisible = 0;
			defaultConfigurationName = Release;
		};
/* End XCConfigurationList section */

/* Begin XCVersionGroup section */
		4E0D48FC20870ECA005BCAB4 /* Datapicker.xcdatamodeld */ = {
			isa = XCVersionGroup;
			children = (
				4E0D48FD20870ECA005BCAB4 /* Datapicker.xcdatamodel */,
			);
			currentVersion = 4E0D48FD20870ECA005BCAB4 /* Datapicker.xcdatamodel */;
			path = Datapicker.xcdatamodeld;
			sourceTree = "<group>";
			versionGroupType = wrapper.xcdatamodel;
		};
/* End XCVersionGroup section */
	};
	rootObject = 4E0D48EA20870ECA005BCAB4 /* Project object */;
}
